# This file is automatically @generated by Cargo.
# It is not intended for manual editing.
[[package]]
name = "bin_with_rerenamed_lib_dep"
version = "0.1.0"
dependencies = [
 "hello_world_lib 0.1.0",
 "hello_world_lib_and_bin 0.1.0",
]

[[package]]
name = "hello_world_lib"
version = "0.1.0"

[[package]]
name = "hello_world_lib_and_bin"
version = "0.1.0"

