# This file is automatically @generated by Cargo.
# It is not intended for manual editing.
version = 3

[[package]]
name = "aliased-dependencies"
version = "0.1.0"
dependencies = [
 "ludndev-hello-world 0.0.1",
 "ludndev-hello-world 0.1.0",
 "ludndev-hello-world 0.1.1",
]

[[package]]
name = "ludndev-hello-world"
version = "0.0.1"

[[package]]
name = "ludndev-hello-world"
version = "0.1.0"
source = "git+https://github.com/ludndev/rustlang-hello-world-lib?tag=v0.1.0#ae5c3b410bae4e112fb38f4c13a0a906ceebf556"

[[package]]
name = "ludndev-hello-world"
version = "0.1.1"
source = "git+https://github.com/ludndev/rustlang-hello-world-lib.git?tag=v0.1.1#f39a9a751058c83ac1059db18a1307a6bdfa9c33"
