# This file is automatically @generated by Cargo.
# It is not intended for manual editing.
[[package]]
name = "bin_with_lib_git_dep"
version = "0.1.0"
dependencies = [
 "nix-base32 0.1.2-alpha.0 (git+https://github.com/kolloch/nix-base32?branch=branch-for-test)",
]

[[package]]
name = "nix-base32"
version = "0.1.2-alpha.0"
source = "git+https://github.com/kolloch/nix-base32?branch=branch-for-test#42f5544e51187f0c7535d453fcffb4b524c99eb2"

[metadata]
"checksum nix-base32 0.1.2-alpha.0 (git+https://github.com/kolloch/nix-base32?branch=branch-for-test)" = "<none>"
