# This file is automatically @generated by Cargo.
# It is not intended for manual editing.
[[package]]
name = "cli_test_dir"
version = "0.1.7"
source = "registry+https://github.com/rust-lang/crates.io-index"
checksum = "2bc63338a59538d4f4b767dfb6082e4d26736aadb5100894b76039a04d6ad519"

[[package]]
name = "integration_test"
version = "0.1.0"
dependencies = [
 "cli_test_dir",
]
