# This file is automatically @generated by Cargo.
# It is not intended for manual editing.
[[package]]
name = "nix-base32"
version = "0.1.1"
source = "registry+https://github.com/rust-lang/crates.io-index"
checksum = "8548db8274cf1b2b4c093557783f99e9ad64ffdaaa29a6c1af0abc9895c15612"

[[package]]
name = "simple_dep"
version = "0.1.0"
dependencies = [
 "nix-base32",
]
