# This file is automatically @generated by Cargo.
# It is not intended for manual editing.
version = 3

[[package]]
name = "alice"
version = "1.0.0"
dependencies = [
 "bob",
]

[[package]]
name = "bob"
version = "1.0.0"

[[package]]
name = "cross_compile_build_dependencies"
version = "1.0.0"
dependencies = [
 "alice",
]
