# This file is automatically @generated by Cargo.
# It is not intended for manual editing.
[[package]]
name = "lib1"
version = "0.1.0"
source = "git+https://github.com/kolloch/with_sub_crates.git?rev=f8ad2b98ff0eb5fea4962f55e3ced5b0b5afe973#f8ad2b98ff0eb5fea4962f55e3ced5b0b5afe973"

[[package]]
name = "lib2"
version = "0.1.0"
source = "git+https://github.com/kolloch/with_sub_crates.git?rev=f8ad2b98ff0eb5fea4962f55e3ced5b0b5afe973#f8ad2b98ff0eb5fea4962f55e3ced5b0b5afe973"

[[package]]
name = "sub_dir_crates"
version = "0.1.0"
dependencies = [
 "lib1",
 "lib2",
]
