# This file is automatically @generated by Cargo.
# It is not intended for manual editing.
[[package]]
name = "compiler_builtins"
version = "0.1.26"
source = "git+https://github.com/rust-lang/compiler-builtins#2541f27e8c3d61505815c0492c045b7d17436e35"

[[package]]
name = "using_compiler_builtins"
version = "0.1.0"
dependencies = [
 "compiler_builtins",
]
